// !$*UTF8*$!
{
	archiveVersion = 1;
	classes = {
	};
	objectVersion = 77;
	objects = {

/* Begin PBXContainerItemProxy section */
		609279262FAE1D0B00FBA377 /* PBXContainerItemProxy */ = {
			isa = PBXContainerItemProxy;
			containerPortal = 609279102FAE1D0A00FBA377 /* Project object */;
			proxyType = 1;
			remoteGlobalIDString = 609279172FAE1D0A00FBA377;
			remoteInfo = EasyMusic;
		};
		609279302FAE1D0B00FBA377 /* PBXContainerItemProxy */ = {
			isa = PBXContainerItemProxy;
			containerPortal = 609279102FAE1D0A00FBA377 /* Project object */;
			proxyType = 1;
			remoteGlobalIDString = 609279172FAE1D0A00FBA377;
			remoteInfo = EasyMusic;
		};
/* End PBXContainerItemProxy section */

/* Begin PBXFileReference section */
		609279182FAE1D0A00FBA377 /* EasyMusic.app */ = {isa = PBXFileReference; explicitFileType = wrapper.application; includeInIndex = 0; path = EasyMusic.app; sourceTree = BUILT_PRODUCTS_DIR; };
		609279252FAE1D0B00FBA377 /* EasyMusicTests.xctest */ = {isa = PBXFileReference; explicitFileType = wrapper.cfbundle; includeInIndex = 0; path = EasyMusicTests.xctest; sourceTree = BUILT_PRODUCTS_DIR; };
		6092792F2FAE1D0B00FBA377 /* EasyMusicUITests.xctest */ = {isa = PBXFileReference; explicitFileType = wrapper.cfbundle; includeInIndex = 0; path = EasyMusicUITests.xctest; sourceTree = BUILT_PRODUCTS_DIR; };
/* End PBXFileReference section */

/* Begin PBXFileSystemSynchronizedRootGroup section */
		6092791A2FAE1D0A00FBA377 /* EasyMusic */ = {
			isa = PBXFileSystemSynchronizedRootGroup;
			path = EasyMusic;
			sourceTree = "<group>";
		};
		609279282FAE1D0B00FBA377 /* EasyMusicTests */ = {
			isa = PBXFileSystemSynchronizedRootGroup;
			path = EasyMusicTests;
			sourceTree = "<group>";
		};
		609279322FAE1D0B00FBA377 /* EasyMusicUITests */ = {
			isa = PBXFileSystemSynchronizedRootGroup;
			path = EasyMusicUITests;
			sourceTree = "<group>";
		};
/* End PBXFileSystemSynchronizedRootGroup section */

/* Begin PBXFrameworksBuildPhase section */
		609279152FAE1D0A00FBA377 /* Frameworks */ = {
			isa = PBXFrameworksBuildPhase;
			buildActionMask = 2147483647;
			files = (
			);
			runOnlyForDeploymentPostprocessing = 0;
		};
		609279222FAE1D0B00FBA377 /* Frameworks */ = {
			isa = PBXFrameworksBuildPhase;
			buildActionMask = 2147483647;
			files = (
			);
			runOnlyForDeploymentPostprocessing = 0;
		};
		6092792C2FAE1D0B00FBA377 /* Frameworks */ = {
			isa = PBXFrameworksBuildPhase;
			buildActionMask = 2147483647;
			files = (
			);
			runOnlyForDeploymentPostprocessing = 0;
		};
/* End PBXFrameworksBuildPhase section */

/* Begin PBXGroup section */
		6092790F2FAE1D0A00FBA377 = {
			isa = PBXGroup;
			children = (
				6092791A2FAE1D0A00FBA377 /* EasyMusic */,
				609279282FAE1D0B00FBA377 /* EasyMusicTests */,
				609279322FAE1D0B00FBA377 /* EasyMusicUITests */,
				609279192FAE1D0A00FBA377 /* Products */,
			);
			sourceTree = "<group>";
		};
		609279192FAE1D0A00FBA377 /* Products */ = {
			isa = PBXGroup;
			children = (
				609279182FAE1D0A00FBA377 /* EasyMusic.app */,
				609279252FAE1D0B00FBA377 /* EasyMusicTests.xctest */,
				6092792F2FAE1D0B00FBA377 /* EasyMusicUITests.xctest */,
			);
			name = Products;
			sourceTree = "<group>";
		};
/* End PBXGroup section */

/* Begin PBXNativeTarget section */
		609279172FAE1D0A00FBA377 /* EasyMusic */ = {
			isa = PBXNativeTarget;
			buildConfigurationList = 609279392FAE1D0B00FBA377 /* Build configuration list for PBXNativeTarget "EasyMusic" */;
			buildPhases = (
				609279142FAE1D0A00FBA377 /* Sources */,
				609279152FAE1D0A00FBA377 /* Frameworks */,
				609279162FAE1D0A00FBA377 /* Resources */,
			);
			buildRules = (
			);
			dependencies = (
			);
			fileSystemSynchronizedGroups = (
				6092791A2FAE1D0A00FBA377 /* EasyMusic */,
			);
			name = EasyMusic;
			packageProductDependencies = (
			);
			productName = EasyMusic;
			productReference = 609279182FAE1D0A00FBA377 /* EasyMusic.app */;
			productType = "com.apple.product-type.application";
		};
		609279242FAE1D0B00FBA377 /* EasyMusicTests */ = {
			isa = PBXNativeTarget;
			buildConfigurationList = 6092793C2FAE1D0B00FBA377 /* Build configuration list for PBXNativeTarget "EasyMusicTests" */;
			buildPhases = (
				609279212FAE1D0B00FBA377 /* Sources */,
				609279222FAE1D0B00FBA377 /* Frameworks */,
				609279232FAE1D0B00FBA377 /* Resources */,
			);
			buildRules = (
			);
			dependencies = (
				609279272FAE1D0B00FBA377 /* PBXTargetDependency */,
			);
			fileSystemSynchronizedGroups = (
				609279282FAE1D0B00FBA377 /* EasyMusicTests */,
			);
			name = EasyMusicTests;
			packageProductDependencies = (
			);
			productName = EasyMusicTests;
			productReference = 609279252FAE1D0B00FBA377 /* EasyMusicTests.xctest */;
			productType = "com.apple.product-type.bundle.unit-test";
		};
		6092792E2FAE1D0B00FBA377 /* EasyMusicUITests */ = {
			isa = PBXNativeTarget;
			buildConfigurationList = 6092793F2FAE1D0B00FBA377 /* Build configuration list for PBXNativeTarget "EasyMusicUITests" */;
			buildPhases = (
				6092792B2FAE1D0B00FBA377 /* Sources */,
				6092792C2FAE1D0B00FBA377 /* Frameworks */,
				6092792D2FAE1D0B00FBA377 /* Resources */,
			);
			buildRules = (
			);
			dependencies = (
				609279312FAE1D0B00FBA377 /* PBXTargetDependency */,
			);
			fileSystemSynchronizedGroups = (
				609279322FAE1D0B00FBA377 /* EasyMusicUITests */,
			);
			name = EasyMusicUITests;
			packageProductDependencies = (
			);
			productName = EasyMusicUITests;
			productReference = 6092792F2FAE1D0B00FBA377 /* EasyMusicUITests.xctest */;
			productType = "com.apple.product-type.bundle.ui-testing";
		};
/* End PBXNativeTarget section */

/* Begin PBXProject section */
		609279102FAE1D0A00FBA377 /* Project object */ = {
			isa = PBXProject;
			attributes = {
				BuildIndependentTargetsInParallel = 1;
				LastSwiftUpdateCheck = 2640;
				LastUpgradeCheck = 2640;
				TargetAttributes = {
					609279172FAE1D0A00FBA377 = {
						CreatedOnToolsVersion = 26.4.1;
					};
					609279242FAE1D0B00FBA377 = {
						CreatedOnToolsVersion = 26.4.1;
						TestTargetID = 609279172FAE1D0A00FBA377;
					};
					6092792E2FAE1D0B00FBA377 = {
						CreatedOnToolsVersion = 26.4.1;
						TestTargetID = 609279172FAE1D0A00FBA377;
					};
				};
			};
			buildConfigurationList = 609279132FAE1D0A00FBA377 /* Build configuration list for PBXProject "EasyMusic" */;
			developmentRegion = en;
			hasScannedForEncodings = 0;
			knownRegions = (
				en,
				Base,
			);
			mainGroup = 6092790F2FAE1D0A00FBA377;
			minimizedProjectReferenceProxies = 1;
			preferredProjectObjectVersion = 77;
			productRefGroup = 609279192FAE1D0A00FBA377 /* Products */;
			projectDirPath = "";
			projectRoot = "";
			targets = (
				609279172FAE1D0A00FBA377 /* EasyMusic */,
				609279242FAE1D0B00FBA377 /* EasyMusicTests */,
				6092792E2FAE1D0B00FBA377 /* EasyMusicUITests */,
			);
		};
/* End PBXProject section */

/* Begin PBXResourcesBuildPhase section */
		609279162FAE1D0A00FBA377 /* Resources */ = {
			isa = PBXResourcesBuildPhase;
			buildActionMask = 2147483647;
			files = (
			);
			runOnlyForDeploymentPostprocessing = 0;
		};
		609279232FAE1D0B00FBA377 /* Resources */ = {
			isa = PBXResourcesBuildPhase;
			buildActionMask = 2147483647;
			files = (
			);
			runOnlyForDeploymentPostprocessing = 0;
		};
		6092792D2FAE1D0B00FBA377 /* Resources */ = {
			isa = PBXResourcesBuildPhase;
			buildActionMask = 2147483647;
			files = (
			);
			runOnlyForDeploymentPostprocessing = 0;
		};
/* End PBXResourcesBuildPhase section */

/* Begin PBXSourcesBuildPhase section */
		609279142FAE1D0A00FBA377 /* Sources */ = {
			isa = PBXSourcesBuildPhase;
			buildActionMask = 2147483647;
			files = (
			);
			runOnlyForDeploymentPostprocessing = 0;
		};
		609279212FAE1D0B00FBA377 /* Sources */ = {
			isa = PBXSourcesBuildPhase;
			buildActionMask = 2147483647;
			files = (
			);
			runOnlyForDeploymentPostprocessing = 0;
		};
		6092792B2FAE1D0B00FBA377 /* Sources */ = {
			isa = PBXSourcesBuildPhase;
			buildActionMask = 2147483647;
			files = (
			);
			runOnlyForDeploymentPostprocessing = 0;
		};
/* End PBXSourcesBuildPhase section */

/* Begin PBXTargetDependency section */
		609279272FAE1D0B00FBA377 /* PBXTargetDependency */ = {
			isa = PBXTargetDependency;
			target = 609279172FAE1D0A00FBA377 /* EasyMusic */;
			targetProxy = 609279262FAE1D0B00FBA377 /* PBXContainerItemProxy */;
		};
		609279312FAE1D0B00FBA377 /* PBXTargetDependency */ = {
			isa = PBXTargetDependency;
			target = 609279172FAE1D0A00FBA377 /* EasyMusic */;
			targetProxy = 609279302FAE1D0B00FBA377 /* PBXContainerItemProxy */;
		};
/* End PBXTargetDependency section */

/* Begin XCBuildConfiguration section */
		609279372FAE1D0B00FBA377 /* Debug */ = {
			isa = XCBuildConfiguration;
			buildSettings = {
				ALWAYS_SEARCH_USER_PATHS = NO;
				ASSETCATALOG_COMPILER_GENERATE_SWIFT_ASSET_SYMBOL_EXTENSIONS = YES;
				CLANG_ANALYZER_NONNULL = YES;
				CLANG_ANALYZER_NUMBER_OBJECT_CONVERSION = YES_AGGRESSIVE;
				CLANG_CXX_LANGUAGE_STANDARD = "gnu++20";
				CLANG_ENABLE_MODULES = YES;
				CLANG_ENABLE_OBJC_ARC = YES;
				CLANG_ENABLE_OBJC_WEAK = YES;
				CLANG_WARN_BLOCK_CAPTURE_AUTORELEASING = YES;
				CLANG_WARN_BOOL_CONVERSION = YES;
				CLANG_WARN_COMMA = YES;
				CLANG_WARN_CONSTANT_CONVERSION = YES;
				CLANG_WARN_DEPRECATED_OBJC_IMPLEMENTATIONS = YES;
				CLANG_WARN_DIRECT_OBJC_ISA_USAGE = YES_ERROR;
				CLANG_WARN_DOCUMENTATION_COMMENTS = YES;
				CLANG_WARN_EMPTY_BODY = YES;
				CLANG_WARN_ENUM_CONVERSION = YES;
				CLANG_WARN_INFINITE_RECURSION = YES;
				CLANG_WARN_INT_CONVERSION = YES;
				CLANG_WARN_NON_LITERAL_NULL_CONVERSION = YES;
				CLANG_WARN_OBJC_IMPLICIT_RETAIN_SELF = YES;
				CLANG_WARN_OBJC_LITERAL_CONVERSION = YES;
				CLANG_WARN_OBJC_ROOT_CLASS = YES_ERROR;
				CLANG_WARN_QUOTED_INCLUDE_IN_FRAMEWORK_HEADER = YES;
				CLANG_WARN_RANGE_LOOP_ANALYSIS = YES;
				CLANG_WARN_STRICT_PROTOTYPES = YES;
				CLANG_WARN_SUSPICIOUS_MOVE = YES;
				CLANG_WARN_UNGUARDED_AVAILABILITY = YES_AGGRESSIVE;
				CLANG_WARN_UNREACHABLE_CODE = YES;
				CLANG_WARN__DUPLICATE_METHOD_MATCH = YES;
				COPY_PHASE_STRIP = NO;
				DEBUG_INFORMATION_FORMAT = dwarf;
				ENABLE_STRICT_OBJC_MSGSEND = YES;
				ENABLE_TESTABILITY = YES;
				ENABLE_USER_SCRIPT_SANDBOXING = YES;
				GCC_C_LANGUAGE_STANDARD = gnu17;
				GCC_DYNAMIC_NO_PIC = NO;
				GCC_NO_COMMON_BLOCKS = YES;
				GCC_OPTIMIZATION_LEVEL = 0;
				GCC_PREPROCESSOR_DEFINITIONS = (
					"DEBUG=1",
					"$(inherited)",
				);
				GCC_WARN_64_TO_32_BIT_CONVERSION = YES;
				GCC_WARN_ABOUT_RETURN_TYPE = YES_ERROR;
				GCC_WARN_UNDECLARED_SELECTOR = YES;
				GCC_WARN_UNINITIALIZED_AUTOS = YES_AGGRESSIVE;
				GCC_WARN_UNUSED_FUNCTION = YES;
				GCC_WARN_UNUSED_VARIABLE = YES;
				IPHONEOS_DEPLOYMENT_TARGET = 26.4;
				LOCALIZATION_PREFERS_STRING_CATALOGS = YES;
				MTL_ENABLE_DEBUG_INFO = INCLUDE_SOURCE;
				MTL_FAST_MATH = YES;
				ONLY_ACTIVE_ARCH = YES;
				SDKROOT = iphoneos;
				SWIFT_ACTIVE_COMPILATION_CONDITIONS = "DEBUG $(inherited)";
				SWIFT_OPTIMIZATION_LEVEL = "-Onone";
			};
			name = Debug;
		};
		609279382FAE1D0B00FBA377 /* Release */ = {
			isa = XCBuildConfiguration;
			buildSettings = {
				ALWAYS_SEARCH_USER_PATHS = NO;
				ASSETCATALOG_COMPILER_GENERATE_SWIFT_ASSET_SYMBOL_EXTENSIONS = YES;
				CLANG_ANALYZER_NONNULL = YES;
				CLANG_ANALYZER_NUMBER_OBJECT_CONVERSION = YES_AGGRESSIVE;
				CLANG_CXX_LANGUAGE_STANDARD = "gnu++20";
				CLANG_ENABLE_MODULES = YES;
				CLANG_ENABLE_OBJC_ARC = YES;
				CLANG_ENABLE_OBJC_WEAK = YES;
				CLANG_WARN_BLOCK_CAPTURE_AUTORELEASING = YES;
				CLANG_WARN_BOOL_CONVERSION = YES;
				CLANG_WARN_COMMA = YES;
				CLANG_WARN_CONSTANT_CONVERSION = YES;
				CLANG_WARN_DEPRECATED_OBJC_IMPLEMENTATIONS = YES;
				CLANG_WARN_DIRECT_OBJC_ISA_USAGE = YES_ERROR;
				CLANG_WARN_DOCUMENTATION_COMMENTS = YES;
				CLANG_WARN_EMPTY_BODY = YES;
				CLANG_WARN_ENUM_CONVERSION = YES;
				CLANG_WARN_INFINITE_RECURSION = YES;
				CLANG_WARN_INT_CONVERSION = YES;
				CLANG_WARN_NON_LITERAL_NULL_CONVERSION = YES;
				CLANG_WARN_OBJC_IMPLICIT_RETAIN_SELF = YES;
				CLANG_WARN_OBJC_LITERAL_CONVERSION = YES;
				CLANG_WARN_OBJC_ROOT_CLASS = YES_ERROR;
				CLANG_WARN_QUOTED_INCLUDE_IN_FRAMEWORK_HEADER = YES;
				CLANG_WARN_RANGE_LOOP_ANALYSIS = YES;
				CLANG_WARN_STRICT_PROTOTYPES = YES;
				CLANG_WARN_SUSPICIOUS_MOVE = YES;
				CLANG_WARN_UNGUARDED_AVAILABILITY = YES_AGGRESSIVE;
				CLANG_WARN_UNREACHABLE_CODE = YES;
				CLANG_WARN__DUPLICATE_METHOD_MATCH = YES;
				COPY_PHASE_STRIP = NO;
				DEBUG_INFORMATION_FORMAT = "dwarf-with-dsym";
				ENABLE_NS_ASSERTIONS = NO;
				ENABLE_STRICT_OBJC_MSGSEND = YES;
				ENABLE_USER_SCRIPT_SANDBOXING = YES;
				GCC_C_LANGUAGE_STANDARD = gnu17;
				GCC_NO_COMMON_BLOCKS = YES;
				GCC_WARN_64_TO_32_BIT_CONVERSION = YES;
				GCC_WARN_ABOUT_RETURN_TYPE = YES_ERROR;
				GCC_WARN_UNDECLARED_SELECTOR = YES;
				GCC_WARN_UNINITIALIZED_AUTOS = YES_AGGRESSIVE;
				GCC_WARN_UNUSED_FUNCTION = YES;
				GCC_WARN_UNUSED_VARIABLE = YES;
				IPHONEOS_DEPLOYMENT_TARGET = 26.4;
				LOCALIZATION_PREFERS_STRING_CATALOGS = YES;
				MTL_ENABLE_DEBUG_INFO = NO;
				MTL_FAST_MATH = YES;
				SDKROOT = iphoneos;
				SWIFT_COMPILATION_MODE = wholemodule;
				VALIDATE_PRODUCT = YES;
			};
			name = Release;
		};
		6092793A2FAE1D0B00FBA377 /* Debug */ = {
			isa = XCBuildConfiguration;
			buildSettings = {
				ASSETCATALOG_COMPILER_APPICON_NAME = AppIcon;
				ASSETCATALOG_COMPILER_GLOBAL_ACCENT_COLOR_NAME = AccentColor;
				CODE_SIGN_STYLE = Automatic;
				CURRENT_PROJECT_VERSION = 1;
				ENABLE_PREVIEWS = YES;
				GENERATE_INFOPLIST_FILE = YES;
				INFOPLIST_KEY_UIApplicationSceneManifest_Generation = YES;
				INFOPLIST_KEY_UIApplicationSupportsIndirectInputEvents = YES;
				INFOPLIST_KEY_UILaunchScreen_Generation = YES;
				INFOPLIST_KEY_UISupportedInterfaceOrientations = UIInterfaceOrientationLandscapeLeft;
				LD_RUNPATH_SEARCH_PATHS = (
					"$(inherited)",
					"@executable_path/Frameworks",
				);
				MARKETING_VERSION = 1.0;
				PRODUCT_BUNDLE_IDENTIFIER = ca.waltermiller.EasyMusic;
				PRODUCT_NAME = "$(TARGET_NAME)";
				STRING_CATALOG_GENERATE_SYMBOLS = YES;
				SWIFT_APPROACHABLE_CONCURRENCY = YES;
				SWIFT_DEFAULT_ACTOR_ISOLATION = MainActor;
				SWIFT_EMIT_LOC_STRINGS = YES;
				SWIFT_UPCOMING_FEATURE_MEMBER_IMPORT_VISIBILITY = YES;
				SWIFT_VERSION = 5.0;
				TARGETED_DEVICE_FAMILY = "1,2";
			};
			name = Debug;
		};
		6092793B2FAE1D0B00FBA377 /* Release */ = {
			isa = XCBuildConfiguration;
			buildSettings = {
				ASSETCATALOG_COMPILER_APPICON_NAME = AppIcon;
				ASSETCATALOG_COMPILER_GLOBAL_ACCENT_COLOR_NAME = AccentColor;
				CODE_SIGN_STYLE = Automatic;
				CURRENT_PROJECT_VERSION = 1;
				ENABLE_PREVIEWS = YES;
				GENERATE_INFOPLIST_FILE = YES;
				INFOPLIST_KEY_UIApplicationSceneManifest_Generation = YES;
				INFOPLIST_KEY_UIApplicationSupportsIndirectInputEvents = YES;
				INFOPLIST_KEY_UILaunchScreen_Generation = YES;
				INFOPLIST_KEY_UISupportedInterfaceOrientations = UIInterfaceOrientationLandscapeLeft;
				LD_RUNPATH_SEARCH_PATHS = (
					"$(inherited)",
					"@executable_path/Frameworks",
				);
				MARKETING_VERSION = 1.0;
				PRODUCT_BUNDLE_IDENTIFIER = ca.waltermiller.EasyMusic;
				PRODUCT_NAME = "$(TARGET_NAME)";
				STRING_CATALOG_GENERATE_SYMBOLS = YES;
				SWIFT_APPROACHABLE_CONCURRENCY = YES;
				SWIFT_DEFAULT_ACTOR_ISOLATION = MainActor;
				SWIFT_EMIT_LOC_STRINGS = YES;
				SWIFT_UPCOMING_FEATURE_MEMBER_IMPORT_VISIBILITY = YES;
				SWIFT_VERSION = 5.0;
				TARGETED_DEVICE_FAMILY = "1,2";
			};
			name = Release;
		};
		6092793D2FAE1D0B00FBA377 /* Debug */ = {
			isa = XCBuildConfiguration;
			buildSettings = {
				BUNDLE_LOADER = "$(TEST_HOST)";
				CODE_SIGN_STYLE = Automatic;
				CURRENT_PROJECT_VERSION = 1;
				GENERATE_INFOPLIST_FILE = YES;
				IPHONEOS_DEPLOYMENT_TARGET = 26.4;
				MARKETING_VERSION = 1.0;
				PRODUCT_BUNDLE_IDENTIFIER = ca.waltermiller.EasyMusicTests;
				PRODUCT_NAME = "$(TARGET_NAME)";
				STRING_CATALOG_GENERATE_SYMBOLS = NO;
				SWIFT_APPROACHABLE_CONCURRENCY = YES;
				SWIFT_EMIT_LOC_STRINGS = NO;
				SWIFT_UPCOMING_FEATURE_MEMBER_IMPORT_VISIBILITY = YES;
				SWIFT_VERSION = 5.0;
				TARGETED_DEVICE_FAMILY = "1,2";
				TEST_HOST = "$(BUILT_PRODUCTS_DIR)/EasyMusic.app/$(BUNDLE_EXECUTABLE_FOLDER_PATH)/EasyMusic";
			};
			name = Debug;
		};
		6092793E2FAE1D0B00FBA377 /* Release */ = {
			isa = XCBuildConfiguration;
			buildSettings = {
				BUNDLE_LOADER = "$(TEST_HOST)";
				CODE_SIGN_STYLE = Automatic;
				CURRENT_PROJECT_VERSION = 1;
				GENERATE_INFOPLIST_FILE = YES;
				IPHONEOS_DEPLOYMENT_TARGET = 26.4;
				MARKETING_VERSION = 1.0;
				PRODUCT_BUNDLE_IDENTIFIER = ca.waltermiller.EasyMusicTests;
				PRODUCT_NAME = "$(TARGET_NAME)";
				STRING_CATALOG_GENERATE_SYMBOLS = NO;
				SWIFT_APPROACHABLE_CONCURRENCY = YES;
				SWIFT_EMIT_LOC_STRINGS = NO;
				SWIFT_UPCOMING_FEATURE_MEMBER_IMPORT_VISIBILITY = YES;
				SWIFT_VERSION = 5.0;
				TARGETED_DEVICE_FAMILY = "1,2";
				TEST_HOST = "$(BUILT_PRODUCTS_DIR)/EasyMusic.app/$(BUNDLE_EXECUTABLE_FOLDER_PATH)/EasyMusic";
			};
			name = Release;
		};
		609279402FAE1D0B00FBA377 /* Debug */ = {
			isa = XCBuildConfiguration;
			buildSettings = {
				CODE_SIGN_STYLE = Automatic;
				CURRENT_PROJECT_VERSION = 1;
				GENERATE_INFOPLIST_FILE = YES;
				MARKETING_VERSION = 1.0;
				PRODUCT_BUNDLE_IDENTIFIER = ca.waltermiller.EasyMusicUITests;
				PRODUCT_NAME = "$(TARGET_NAME)";
				STRING_CATALOG_GENERATE_SYMBOLS = NO;
				SWIFT_APPROACHABLE_CONCURRENCY = YES;
				SWIFT_EMIT_LOC_STRINGS = NO;
				SWIFT_UPCOMING_FEATURE_MEMBER_IMPORT_VISIBILITY = YES;
				SWIFT_VERSION = 5.0;
				TARGETED_DEVICE_FAMILY = "1,2";
				TEST_TARGET_NAME = EasyMusic;
			};
			name = Debug;
		};
		609279412FAE1D0B00FBA377 /* Release */ = {
			isa = XCBuildConfiguration;
			buildSettings = {
				CODE_SIGN_STYLE = Automatic;
				CURRENT_PROJECT_VERSION = 1;
				GENERATE_INFOPLIST_FILE = YES;
				MARKETING_VERSION = 1.0;
				PRODUCT_BUNDLE_IDENTIFIER = ca.waltermiller.EasyMusicUITests;
				PRODUCT_NAME = "$(TARGET_NAME)";
				STRING_CATALOG_GENERATE_SYMBOLS = NO;
				SWIFT_APPROACHABLE_CONCURRENCY = YES;
				SWIFT_EMIT_LOC_STRINGS = NO;
				SWIFT_UPCOMING_FEATURE_MEMBER_IMPORT_VISIBILITY = YES;
				SWIFT_VERSION = 5.0;
				TARGETED_DEVICE_FAMILY = "1,2";
				TEST_TARGET_NAME = EasyMusic;
			};
			name = Release;
		};
/* End XCBuildConfiguration section */

/* Begin XCConfigurationList section */
		609279132FAE1D0A00FBA377 /* Build configuration list for PBXProject "EasyMusic" */ = {
			isa = XCConfigurationList;
			buildConfigurations = (
				609279372FAE1D0B00FBA377 /* Debug */,
				609279382FAE1D0B00FBA377 /* Release */,
			);
			defaultConfigurationIsVisible = 0;
			defaultConfigurationName = Release;
		};
		609279392FAE1D0B00FBA377 /* Build configuration list for PBXNativeTarget "EasyMusic" */ = {
			isa = XCConfigurationList;
			buildConfigurations = (
				6092793A2FAE1D0B00FBA377 /* Debug */,
				6092793B2FAE1D0B00FBA377 /* Release */,
			);
			defaultConfigurationIsVisible = 0;
			defaultConfigurationName = Release;
		};
		6092793C2FAE1D0B00FBA377 /* Build configuration list for PBXNativeTarget "EasyMusicTests" */ = {
			isa = XCConfigurationList;
			buildConfigurations = (
				6092793D2FAE1D0B00FBA377 /* Debug */,
				6092793E2FAE1D0B00FBA377 /* Release */,
			);
			defaultConfigurationIsVisible = 0;
			defaultConfigurationName = Release;
		};
		6092793F2FAE1D0B00FBA377 /* Build configuration list for PBXNativeTarget "EasyMusicUITests" */ = {
			isa = XCConfigurationList;
			buildConfigurations = (
				609279402FAE1D0B00FBA377 /* Debug */,
				609279412FAE1D0B00FBA377 /* Release */,
			);
			defaultConfigurationIsVisible = 0;
			defaultConfigurationName = Release;
		};
/* End XCConfigurationList section */
	};
	rootObject = 609279102FAE1D0A00FBA377 /* Project object */;
}
